{
  "name": "Fuchsia",
  "lockfileVersion": 2,
  "requires": true,
  "packages": {
    "": {
      "dependencies": {
        "vue-sweetalert2": "^4.1.1"
      }
    },
    "node_modules/sweetalert2": {
      "version": "10.10.1",
      "resolved": "https://registry.npmjs.org/sweetalert2/-/sweetalert2-10.10.1.tgz",
      "integrity": "sha512-lUdjFEE3ZKJ9OIhIZ1v3yAMwC5gGsBz5N/+FvTVY0Ttw+ZVcoIIPX2K4V+p+PKnFChm0Pan1j8xwYLgcvt0O7g==",
      "funding": {
        "url": "https://sweetalert2.github.io/#donations"
      }
    },
    "node_modules/vue-sweetalert2": {
      "version": "4.1.1",
      "resolved": "https://registry.npmjs.org/vue-sweetalert2/-/vue-sweetalert2-4.1.1.tgz",
      "integrity": "sha512-9ytddeXkjixIGzUxgmVAVdIOrbPiWcjEPQuO3mEPq4zc8clbQbhOn192zvYUdcM0SbRPzbafyXTFx9mNMNJzQA==",
      "dependencies": {
        "sweetalert2": "10.x"
      }
    }
  },
  "dependencies": {
    "sweetalert2": {
      "version": "10.10.1",
      "resolved": "https://registry.npmjs.org/sweetalert2/-/sweetalert2-10.10.1.tgz",
      "integrity": "sha512-lUdjFEE3ZKJ9OIhIZ1v3yAMwC5gGsBz5N/+FvTVY0Ttw+ZVcoIIPX2K4V+p+PKnFChm0Pan1j8xwYLgcvt0O7g=="
    },
    "vue-sweetalert2": {
      "version": "4.1.1",
      "resolved": "https://registry.npmjs.org/vue-sweetalert2/-/vue-sweetalert2-4.1.1.tgz",
      "integrity": "sha512-9ytddeXkjixIGzUxgmVAVdIOrbPiWcjEPQuO3mEPq4zc8clbQbhOn192zvYUdcM0SbRPzbafyXTFx9mNMNJzQA==",
      "requires": {
        "sweetalert2": "10.x"
      }
    }
  }
}
