{
  "requires": true,
  "lockfileVersion": 1,
  "dependencies": {
    "vue-router-multiguard": {
      "version": "1.0.3",
      "resolved": "https://registry.npmjs.org/vue-router-multiguard/-/vue-router-multiguard-1.0.3.tgz",
      "integrity": "sha512-56r7WpUUY0QuCfvezdggV5ubtxG0SuCw6RO0SSioq6ec7iAakMt3XLzxHrZARZrv5tMk6kzHLBTERwrl9vcvZg==",
      "dev": true
    }
  }
}
